
Microsoft Visual Studio Solution File, Format Version 12.00
# Visual Studio Version 18
VisualStudioVersion = 18.2.11415.280
MinimumVisualStudioVersion = 10.0.40219.1
Project("{9A19103F-16F7-4668-BE54-9A1E7A4F7556}") = "BlazorDematReports", "BlazorDematReports\BlazorDematReports.csproj", "{22A95AFC-A794-41A7-9856-BB08C52CFFA1}"
EndProject
Project("{9A19103F-16F7-4668-BE54-9A1E7A4F7556}") = "Entities", "Entities\Entities.csproj", "{709F9FC3-40FE-4D94-95A8-34DE93B3536F}"
EndProject
Project("{FAE04EC0-301F-11D3-BF4B-00C04F79EFBC}") = "BlazorDematReports.Core", "BlazorDematReports.Core\BlazorDematReports.Core.csproj", "{4F008C79-823B-4868-81CD-DA814CA460AA}"
EndProject
Project("{2150E333-8FDC-42A3-9474-1A3956D46DE8}") = "Solution Items", "Solution Items", "{3222A9A5-876B-4AC9-9841-38E8BD62BE50}"
	ProjectSection(SolutionItems) = preProject
		.editorconfig = .editorconfig
	EndProjectSection
EndProject
Project("{FAE04EC0-301F-11D3-BF4B-00C04F79EFBC}") = "BlazorDematReports.Tests.E2E", "BlazorDematReports.Tests.E2E\BlazorDematReports.Tests.E2E.csproj", "{96DA2435-18BF-430B-926C-9EE8356E8A4E}"
EndProject
Global
	GlobalSection(SolutionConfigurationPlatforms) = preSolution
		Debug|Any CPU = Debug|Any CPU
		Debug|x64 = Debug|x64
		Debug|x86 = Debug|x86
		Release|Any CPU = Release|Any CPU
		Release|x64 = Release|x64
		Release|x86 = Release|x86
	EndGlobalSection
	GlobalSection(ProjectConfigurationPlatforms) = postSolution
		{22A95AFC-A794-41A7-9856-BB08C52CFFA1}.Debug|Any CPU.ActiveCfg = Debug|Any CPU
		{22A95AFC-A794-41A7-9856-BB08C52CFFA1}.Debug|Any CPU.Build.0 = Debug|Any CPU
		{22A95AFC-A794-41A7-9856-BB08C52CFFA1}.Debug|x64.ActiveCfg = Debug|Any CPU
		{22A95AFC-A794-41A7-9856-BB08C52CFFA1}.Debug|x64.Build.0 = Debug|Any CPU
		{22A95AFC-A794-41A7-9856-BB08C52CFFA1}.Debug|x86.ActiveCfg = Debug|Any CPU
		{22A95AFC-A794-41A7-9856-BB08C52CFFA1}.Debug|x86.Build.0 = Debug|Any CPU
		{22A95AFC-A794-41A7-9856-BB08C52CFFA1}.Release|Any CPU.ActiveCfg = Release|Any CPU
		{22A95AFC-A794-41A7-9856-BB08C52CFFA1}.Release|Any CPU.Build.0 = Release|Any CPU
		{22A95AFC-A794-41A7-9856-BB08C52CFFA1}.Release|x64.ActiveCfg = Release|Any CPU
		{22A95AFC-A794-41A7-9856-BB08C52CFFA1}.Release|x64.Build.0 = Release|Any CPU
		{22A95AFC-A794-41A7-9856-BB08C52CFFA1}.Release|x86.ActiveCfg = Release|Any CPU
		{22A95AFC-A794-41A7-9856-BB08C52CFFA1}.Release|x86.Build.0 = Release|Any CPU
		{709F9FC3-40FE-4D94-95A8-34DE93B3536F}.Debug|Any CPU.ActiveCfg = Debug|Any CPU
		{709F9FC3-40FE-4D94-95A8-34DE93B3536F}.Debug|Any CPU.Build.0 = Debug|Any CPU
		{709F9FC3-40FE-4D94-95A8-34DE93B3536F}.Debug|x64.ActiveCfg = Debug|Any CPU
		{709F9FC3-40FE-4D94-95A8-34DE93B3536F}.Debug|x64.Build.0 = Debug|Any CPU
		{709F9FC3-40FE-4D94-95A8-34DE93B3536F}.Debug|x86.ActiveCfg = Debug|Any CPU
		{709F9FC3-40FE-4D94-95A8-34DE93B3536F}.Debug|x86.Build.0 = Debug|Any CPU
		{709F9FC3-40FE-4D94-95A8-34DE93B3536F}.Release|Any CPU.ActiveCfg = Release|Any CPU
		{709F9FC3-40FE-4D94-95A8-34DE93B3536F}.Release|Any CPU.Build.0 = Release|Any CPU
		{709F9FC3-40FE-4D94-95A8-34DE93B3536F}.Release|x64.ActiveCfg = Release|Any CPU
		{709F9FC3-40FE-4D94-95A8-34DE93B3536F}.Release|x64.Build.0 = Release|Any CPU
		{709F9FC3-40FE-4D94-95A8-34DE93B3536F}.Release|x86.ActiveCfg = Release|Any CPU
		{709F9FC3-40FE-4D94-95A8-34DE93B3536F}.Release|x86.Build.0 = Release|Any CPU
		{4F008C79-823B-4868-81CD-DA814CA460AA}.Debug|Any CPU.ActiveCfg = Debug|Any CPU
		{4F008C79-823B-4868-81CD-DA814CA460AA}.Debug|Any CPU.Build.0 = Debug|Any CPU
		{4F008C79-823B-4868-81CD-DA814CA460AA}.Debug|x64.ActiveCfg = Debug|Any CPU
		{4F008C79-823B-4868-81CD-DA814CA460AA}.Debug|x64.Build.0 = Debug|Any CPU
		{4F008C79-823B-4868-81CD-DA814CA460AA}.Debug|x86.ActiveCfg = Debug|Any CPU
		{4F008C79-823B-4868-81CD-DA814CA460AA}.Debug|x86.Build.0 = Debug|Any CPU
		{4F008C79-823B-4868-81CD-DA814CA460AA}.Release|Any CPU.ActiveCfg = Release|Any CPU
		{4F008C79-823B-4868-81CD-DA814CA460AA}.Release|Any CPU.Build.0 = Release|Any CPU
		{4F008C79-823B-4868-81CD-DA814CA460AA}.Release|x64.ActiveCfg = Release|Any CPU
		{4F008C79-823B-4868-81CD-DA814CA460AA}.Release|x64.Build.0 = Release|Any CPU
		{4F008C79-823B-4868-81CD-DA814CA460AA}.Release|x86.ActiveCfg = Release|Any CPU
		{4F008C79-823B-4868-81CD-DA814CA460AA}.Release|x86.Build.0 = Release|Any CPU
		{96DA2435-18BF-430B-926C-9EE8356E8A4E}.Debug|Any CPU.ActiveCfg = Debug|Any CPU
		{96DA2435-18BF-430B-926C-9EE8356E8A4E}.Debug|Any CPU.Build.0 = Debug|Any CPU
		{96DA2435-18BF-430B-926C-9EE8356E8A4E}.Debug|x64.ActiveCfg = Debug|Any CPU
		{96DA2435-18BF-430B-926C-9EE8356E8A4E}.Debug|x64.Build.0 = Debug|Any CPU
		{96DA2435-18BF-430B-926C-9EE8356E8A4E}.Debug|x86.ActiveCfg = Debug|Any CPU
		{96DA2435-18BF-430B-926C-9EE8356E8A4E}.Debug|x86.Build.0 = Debug|Any CPU
		{96DA2435-18BF-430B-926C-9EE8356E8A4E}.Release|Any CPU.ActiveCfg = Release|Any CPU
		{96DA2435-18BF-430B-926C-9EE8356E8A4E}.Release|Any CPU.Build.0 = Release|Any CPU
		{96DA2435-18BF-430B-926C-9EE8356E8A4E}.Release|x64.ActiveCfg = Release|Any CPU
		{96DA2435-18BF-430B-926C-9EE8356E8A4E}.Release|x64.Build.0 = Release|Any CPU
		{96DA2435-18BF-430B-926C-9EE8356E8A4E}.Release|x86.ActiveCfg = Release|Any CPU
		{96DA2435-18BF-430B-926C-9EE8356E8A4E}.Release|x86.Build.0 = Release|Any CPU
	EndGlobalSection
	GlobalSection(SolutionProperties) = preSolution
		HideSolutionNode = FALSE
	EndGlobalSection
	GlobalSection(ExtensibilityGlobals) = postSolution
		SolutionGuid = {E941C2F0-916E-42C7-AAE7-F4DEA9904768}
	EndGlobalSection
EndGlobal
